// !$*UTF8*$!
{
	archiveVersion = 1;
	classes = {
	};
	objectVersion = 56;
	objects = {

/* Begin PBXBuildFile section */
		AA0000000000000000000001 /* FlightTrackerApp.swift in Sources */ = {isa = PBXBuildFile; fileRef = BB0000000000000000000001 /* FlightTrackerApp.swift */; };
		AA0000000000000000000002 /* ContentView.swift in Sources */ = {isa = PBXBuildFile; fileRef = BB0000000000000000000002 /* ContentView.swift */; };
		AA0000000000000000000003 /* Flight.swift in Sources */ = {isa = PBXBuildFile; fileRef = BB0000000000000000000003 /* Flight.swift */; };
		AA0000000000000000000004 /* User.swift in Sources */ = {isa = PBXBuildFile; fileRef = BB0000000000000000000004 /* User.swift */; };
		AA0000000000000000000005 /* PriceHistory.swift in Sources */ = {isa = PBXBuildFile; fileRef = BB0000000000000000000005 /* PriceHistory.swift */; };
		AA0000000000000000000006 /* WatchlistItem.swift in Sources */ = {isa = PBXBuildFile; fileRef = BB0000000000000000000006 /* WatchlistItem.swift */; };
		AA0000000000000000000007 /* DuffelAPIService.swift in Sources */ = {isa = PBXBuildFile; fileRef = BB0000000000000000000007 /* DuffelAPIService.swift */; };
		AA0000000000000000000008 /* DataManager.swift in Sources */ = {isa = PBXBuildFile; fileRef = BB0000000000000000000008 /* DataManager.swift */; };
		AA0000000000000000000009 /* NotificationManager.swift in Sources */ = {isa = PBXBuildFile; fileRef = BB0000000000000000000009 /* NotificationManager.swift */; };
		AA0000000000000000000010 /* SearchView.swift in Sources */ = {isa = PBXBuildFile; fileRef = BB0000000000000000000010 /* SearchView.swift */; };
		AA0000000000000000000011 /* WatchlistView.swift in Sources */ = {isa = PBXBuildFile; fileRef = BB0000000000000000000011 /* WatchlistView.swift */; };
		AA0000000000000000000012 /* PriceHistoryView.swift in Sources */ = {isa = PBXBuildFile; fileRef = BB0000000000000000000012 /* PriceHistoryView.swift */; };
		AA0000000000000000000013 /* AccountView.swift in Sources */ = {isa = PBXBuildFile; fileRef = BB0000000000000000000013 /* AccountView.swift */; };
		AA0000000000000000000014 /* FlightDetailView.swift in Sources */ = {isa = PBXBuildFile; fileRef = BB0000000000000000000014 /* FlightDetailView.swift */; };
		AA0000000000000000000015 /* SupportingViews.swift in Sources */ = {isa = PBXBuildFile; fileRef = BB0000000000000000000015 /* SupportingViews.swift */; };
		AA0000000000000000000016 /* ComponentViews.swift in Sources */ = {isa = PBXBuildFile; fileRef = BB0000000000000000000016 /* ComponentViews.swift */; };
		AA0000000000000000000017 /* Assets.xcassets in Resources */ = {isa = PBXBuildFile; fileRef = BB0000000000000000000017 /* Assets.xcassets */; };
		AA0000000000000000000018 /* AuthenticationService.swift in Sources */ = {isa = PBXBuildFile; fileRef = BB0000000000000000000018 /* AuthenticationService.swift */; };
		AA0000000000000000000019 /* WelcomeView.swift in Sources */ = {isa = PBXBuildFile; fileRef = BB0000000000000000000019 /* WelcomeView.swift */; };
/* End PBXBuildFile section */

/* Begin PBXFileReference section */
		CC0000000000000000000001 /* FlightTracker.app */ = {isa = PBXFileReference; explicitFileType = wrapper.application; includeInIndex = 0; path = FlightTracker.app; sourceTree = BUILT_PRODUCTS_DIR; };
		BB0000000000000000000001 /* FlightTrackerApp.swift */ = {isa = PBXFileReference; lastKnownFileType = sourcecode.swift; path = FlightTrackerApp.swift; sourceTree = "<group>"; };
		BB0000000000000000000002 /* ContentView.swift */ = {isa = PBXFileReference; lastKnownFileType = sourcecode.swift; path = ContentView.swift; sourceTree = "<group>"; };
		BB0000000000000000000003 /* Flight.swift */ = {isa = PBXFileReference; lastKnownFileType = sourcecode.swift; path = Flight.swift; sourceTree = "<group>"; };
		BB0000000000000000000004 /* User.swift */ = {isa = PBXFileReference; lastKnownFileType = sourcecode.swift; path = User.swift; sourceTree = "<group>"; };
		BB0000000000000000000005 /* PriceHistory.swift */ = {isa = PBXFileReference; lastKnownFileType = sourcecode.swift; path = PriceHistory.swift; sourceTree = "<group>"; };
		BB0000000000000000000006 /* WatchlistItem.swift */ = {isa = PBXFileReference; lastKnownFileType = sourcecode.swift; path = WatchlistItem.swift; sourceTree = "<group>"; };
		BB0000000000000000000007 /* DuffelAPIService.swift */ = {isa = PBXFileReference; lastKnownFileType = sourcecode.swift; path = DuffelAPIService.swift; sourceTree = "<group>"; };
		BB0000000000000000000008 /* DataManager.swift */ = {isa = PBXFileReference; lastKnownFileType = sourcecode.swift; path = DataManager.swift; sourceTree = "<group>"; };
		BB0000000000000000000009 /* NotificationManager.swift */ = {isa = PBXFileReference; lastKnownFileType = sourcecode.swift; path = NotificationManager.swift; sourceTree = "<group>"; };
		BB0000000000000000000010 /* SearchView.swift */ = {isa = PBXFileReference; lastKnownFileType = sourcecode.swift; path = SearchView.swift; sourceTree = "<group>"; };
		BB0000000000000000000011 /* WatchlistView.swift */ = {isa = PBXFileReference; lastKnownFileType = sourcecode.swift; path = WatchlistView.swift; sourceTree = "<group>"; };
		BB0000000000000000000012 /* PriceHistoryView.swift */ = {isa = PBXFileReference; lastKnownFileType = sourcecode.swift; path = PriceHistoryView.swift; sourceTree = "<group>"; };
		BB0000000000000000000013 /* AccountView.swift */ = {isa = PBXFileReference; lastKnownFileType = sourcecode.swift; path = AccountView.swift; sourceTree = "<group>"; };
		BB0000000000000000000014 /* FlightDetailView.swift */ = {isa = PBXFileReference; lastKnownFileType = sourcecode.swift; path = FlightDetailView.swift; sourceTree = "<group>"; };
		BB0000000000000000000015 /* SupportingViews.swift */ = {isa = PBXFileReference; lastKnownFileType = sourcecode.swift; path = SupportingViews.swift; sourceTree = "<group>"; };
		BB0000000000000000000016 /* ComponentViews.swift */ = {isa = PBXFileReference; lastKnownFileType = sourcecode.swift; path = ComponentViews.swift; sourceTree = "<group>"; };
		BB0000000000000000000017 /* Assets.xcassets */ = {isa = PBXFileReference; lastKnownFileType = folder.assetcatalog; path = Assets.xcassets; sourceTree = "<group>"; };
		BB0000000000000000000018 /* AuthenticationService.swift */ = {isa = PBXFileReference; lastKnownFileType = sourcecode.swift; path = AuthenticationService.swift; sourceTree = "<group>"; };
		BB0000000000000000000019 /* WelcomeView.swift */ = {isa = PBXFileReference; lastKnownFileType = sourcecode.swift; path = WelcomeView.swift; sourceTree = "<group>"; };
/* End PBXFileReference section */

/* Begin PBXFrameworksBuildPhase section */
		DD0000000000000000000001 /* Frameworks */ = {
			isa = PBXFrameworksBuildPhase;
			buildActionMask = 2147483647;
			files = (
			);
			runOnlyForDeploymentPostprocessing = 0;
		};
/* End PBXFrameworksBuildPhase section */

/* Begin PBXGroup section */
		EE0000000000000000000001 = {
			isa = PBXGroup;
			children = (
				FF0000000000000000000001 /* FlightTracker */,
				GG0000000000000000000001 /* Products */,
			);
			sourceTree = "<group>";
		};
		FF0000000000000000000001 /* FlightTracker */ = {
			isa = PBXGroup;
			children = (
				BB0000000000000000000001 /* FlightTrackerApp.swift */,
				BB0000000000000000000002 /* ContentView.swift */,
				HH0000000000000000000001 /* Models */,
				HH0000000000000000000002 /* Services */,
				HH0000000000000000000003 /* Views */,
				BB0000000000000000000017 /* Assets.xcassets */,
			);
			path = FlightTracker;
			sourceTree = "<group>";
		};
		GG0000000000000000000001 /* Products */ = {
			isa = PBXGroup;
			children = (
				CC0000000000000000000001 /* FlightTracker.app */,
			);
			name = Products;
			sourceTree = "<group>";
		};
		HH0000000000000000000001 /* Models */ = {
			isa = PBXGroup;
			children = (
				BB0000000000000000000003 /* Flight.swift */,
				BB0000000000000000000004 /* User.swift */,
				BB0000000000000000000005 /* PriceHistory.swift */,
				BB0000000000000000000006 /* WatchlistItem.swift */,
			);
			path = Models;
			sourceTree = "<group>";
		};
		HH0000000000000000000002 /* Services */ = {
			isa = PBXGroup;
			children = (
				BB0000000000000000000007 /* DuffelAPIService.swift */,
				BB0000000000000000000008 /* DataManager.swift */,
				BB0000000000000000000009 /* NotificationManager.swift */,
				BB0000000000000000000018 /* AuthenticationService.swift */,
			);
			path = Services;
			sourceTree = "<group>";
		};
		HH0000000000000000000003 /* Views */ = {
			isa = PBXGroup;
			children = (
				BB0000000000000000000019 /* WelcomeView.swift */,
				BB0000000000000000000010 /* SearchView.swift */,
				BB0000000000000000000011 /* WatchlistView.swift */,
				BB0000000000000000000012 /* PriceHistoryView.swift */,
				BB0000000000000000000013 /* AccountView.swift */,
				BB0000000000000000000014 /* FlightDetailView.swift */,
				BB0000000000000000000015 /* SupportingViews.swift */,
				HH0000000000000000000004 /* Components */,
			);
			path = Views;
			sourceTree = "<group>";
		};
		HH0000000000000000000004 /* Components */ = {
			isa = PBXGroup;
			children = (
				BB0000000000000000000016 /* ComponentViews.swift */,
			);
			path = Components;
			sourceTree = "<group>";
		};
/* End PBXGroup section */

/* Begin PBXNativeTarget section */
		II0000000000000000000001 /* FlightTracker */ = {
			isa = PBXNativeTarget;
			buildConfigurationList = JJ0000000000000000000001 /* Build configuration list for PBXNativeTarget "FlightTracker" */;
			buildPhases = (
				KK0000000000000000000001 /* Sources */,
				DD0000000000000000000001 /* Frameworks */,
				LL0000000000000000000001 /* Resources */,
			);
			buildRules = (
			);
			dependencies = (
			);
			name = FlightTracker;
			productName = FlightTracker;
			productReference = CC0000000000000000000001 /* FlightTracker.app */;
			productType = "com.apple.product-type.application";
		};
/* End PBXNativeTarget section */

/* Begin PBXProject section */
		MM0000000000000000000001 /* Project object */ = {
			isa = PBXProject;
			attributes = {
				BuildIndependentTargetsInParallel = 1;
				LastSwiftUpdateCheck = 1500;
				LastUpgradeCheck = 1500;
				TargetAttributes = {
					II0000000000000000000001 = {
						CreatedOnToolsVersion = 15.0;
					};
				};
			};
			buildConfigurationList = NN0000000000000000000001 /* Build configuration list for PBXProject "FlightTracker" */;
			compatibilityVersion = "Xcode 14.0";
			developmentRegion = en;
			hasScannedForEncodings = 0;
			knownRegions = (
				en,
				Base,
			);
			mainGroup = EE0000000000000000000001;
			productRefGroup = GG0000000000000000000001 /* Products */;
			projectDirPath = "";
			projectRoot = "";
			targets = (
				II0000000000000000000001 /* FlightTracker */,
			);
		};
/* End PBXProject section */

/* Begin PBXResourcesBuildPhase section */
		LL0000000000000000000001 /* Resources */ = {
			isa = PBXResourcesBuildPhase;
			buildActionMask = 2147483647;
			files = (
				AA0000000000000000000017 /* Assets.xcassets in Resources */,
			);
			runOnlyForDeploymentPostprocessing = 0;
		};
/* End PBXResourcesBuildPhase section */

/* Begin PBXSourcesBuildPhase section */
		KK0000000000000000000001 /* Sources */ = {
			isa = PBXSourcesBuildPhase;
			buildActionMask = 2147483647;
			files = (
				AA0000000000000000000001 /* FlightTrackerApp.swift in Sources */,
				AA0000000000000000000002 /* ContentView.swift in Sources */,
				AA0000000000000000000003 /* Flight.swift in Sources */,
				AA0000000000000000000004 /* User.swift in Sources */,
				AA0000000000000000000005 /* PriceHistory.swift in Sources */,
				AA0000000000000000000006 /* WatchlistItem.swift in Sources */,
				AA0000000000000000000007 /* DuffelAPIService.swift in Sources */,
				AA0000000000000000000008 /* DataManager.swift in Sources */,
				AA0000000000000000000009 /* NotificationManager.swift in Sources */,
				AA0000000000000000000010 /* SearchView.swift in Sources */,
				AA0000000000000000000011 /* WatchlistView.swift in Sources */,
				AA0000000000000000000012 /* PriceHistoryView.swift in Sources */,
				AA0000000000000000000013 /* AccountView.swift in Sources */,
				AA0000000000000000000014 /* FlightDetailView.swift in Sources */,
				AA0000000000000000000015 /* SupportingViews.swift in Sources */,
				AA0000000000000000000016 /* ComponentViews.swift in Sources */,
				AA0000000000000000000018 /* AuthenticationService.swift in Sources */,
				AA0000000000000000000019 /* WelcomeView.swift in Sources */,
			);
			runOnlyForDeploymentPostprocessing = 0;
		};
/* End PBXSourcesBuildPhase section */

/* Begin XCBuildConfiguration section */
		OO0000000000000000000001 /* Debug */ = {
			isa = XCBuildConfiguration;
			buildSettings = {
				ALWAYS_SEARCH_USER_PATHS = NO;
				ASSETCATALOG_COMPILER_GENERATE_SWIFT_ASSET_SYMBOL_EXTENSIONS = YES;
				CLANG_ANALYZER_NONNULL = YES;
				CLANG_ANALYZER_NUMBER_OBJECT_CONVERSION = YES_AGGRESSIVE;
				CLANG_CXX_LANGUAGE_STANDARD = "gnu++20";
				CLANG_ENABLE_MODULES = YES;
				CLANG_ENABLE_OBJC_ARC = YES;
				CLANG_ENABLE_OBJC_WEAK = YES;
				CLANG_WARN_BLOCK_CAPTURE_AUTORELEASING = YES;
				CLANG_WARN_BOOL_CONVERSION = YES;
				CLANG_WARN_COMMA = YES;
				CLANG_WARN_CONSTANT_CONVERSION = YES;
				CLANG_WARN_DEPRECATED_OBJC_IMPLEMENTATIONS = YES;
				CLANG_WARN_DIRECT_OBJC_ISA_USAGE = YES_ERROR;
				CLANG_WARN_DOCUMENTATION_COMMENTS = YES;
				CLANG_WARN_EMPTY_BODY = YES;
				CLANG_WARN_ENUM_CONVERSION = YES;
				CLANG_WARN_INFINITE_RECURSION = YES;
				CLANG_WARN_INT_CONVERSION = YES;
				CLANG_WARN_NON_LITERAL_NULL_CONVERSION = YES;
				CLANG_WARN_OBJC_IMPLICIT_RETAIN_SELF = YES;
				CLANG_WARN_OBJC_LITERAL_CONVERSION = YES;
				CLANG_WARN_OBJC_ROOT_CLASS = YES_ERROR;
				CLANG_WARN_QUOTED_INCLUDE_IN_FRAMEWORK_HEADER = YES;
				CLANG_WARN_RANGE_LOOP_ANALYSIS = YES;
				CLANG_WARN_STRICT_PROTOTYPES = YES;
				CLANG_WARN_SUSPICIOUS_MOVE = YES;
				CLANG_WARN_UNGUARDED_AVAILABILITY = YES_AGGRESSIVE;
				CLANG_WARN_UNREACHABLE_CODE = YES;
				CLANG_WARN__DUPLICATE_METHOD_MATCH = YES;
				COPY_PHASE_STRIP = NO;
				DEBUG_INFORMATION_FORMAT = dwarf;
				ENABLE_STRICT_OBJC_MSGSEND = YES;
				ENABLE_TESTABILITY = YES;
				ENABLE_USER_SCRIPT_SANDBOXING = YES;
				GCC_C_LANGUAGE_STANDARD = gnu17;
				GCC_DYNAMIC_NO_PIC = NO;
				GCC_NO_COMMON_BLOCKS = YES;
				GCC_OPTIMIZATION_LEVEL = 0;
				GCC_PREPROCESSOR_DEFINITIONS = (
					"DEBUG=1",
					"$(inherited)",
				);
				GCC_WARN_64_TO_32_BIT_CONVERSION = YES;
				GCC_WARN_ABOUT_RETURN_TYPE = YES_ERROR;
				GCC_WARN_UNDECLARED_SELECTOR = YES;
				GCC_WARN_UNINITIALIZED_AUTOS = YES_AGGRESSIVE;
				GCC_WARN_UNUSED_FUNCTION = YES;
				GCC_WARN_UNUSED_VARIABLE = YES;
				IPHONEOS_DEPLOYMENT_TARGET = 17.0;
				LOCALIZATION_PREFERS_STRING_CATALOGS = YES;
				MTL_ENABLE_DEBUG_INFO = INCLUDE_SOURCE;
				MTL_FAST_MATH = YES;
				ONLY_ACTIVE_ARCH = YES;
				SDKROOT = iphoneos;
				SWIFT_ACTIVE_COMPILATION_CONDITIONS = "DEBUG $(inherited)";
				SWIFT_OPTIMIZATION_LEVEL = "-Onone";
			};
			name = Debug;
		};
		OO0000000000000000000002 /* Release */ = {
			isa = XCBuildConfiguration;
			buildSettings = {
				ALWAYS_SEARCH_USER_PATHS = NO;
				ASSETCATALOG_COMPILER_GENERATE_SWIFT_ASSET_SYMBOL_EXTENSIONS = YES;
				CLANG_ANALYZER_NONNULL = YES;
				CLANG_ANALYZER_NUMBER_OBJECT_CONVERSION = YES_AGGRESSIVE;
				CLANG_CXX_LANGUAGE_STANDARD = "gnu++20";
				CLANG_ENABLE_MODULES = YES;
				CLANG_ENABLE_OBJC_ARC = YES;
				CLANG_ENABLE_OBJC_WEAK = YES;
				CLANG_WARN_BLOCK_CAPTURE_AUTORELEASING = YES;
				CLANG_WARN_BOOL_CONVERSION = YES;
				CLANG_WARN_COMMA = YES;
				CLANG_WARN_CONSTANT_CONVERSION = YES;
				CLANG_WARN_DEPRECATED_OBJC_IMPLEMENTATIONS = YES;
				CLANG_WARN_DIRECT_OBJC_ISA_USAGE = YES_ERROR;
				CLANG_WARN_DOCUMENTATION_COMMENTS = YES;
				CLANG_WARN_EMPTY_BODY = YES;
				CLANG_WARN_ENUM_CONVERSION = YES;
				CLANG_WARN_INFINITE_RECURSION = YES;
				CLANG_WARN_INT_CONVERSION = YES;
				CLANG_WARN_NON_LITERAL_NULL_CONVERSION = YES;
				CLANG_WARN_OBJC_IMPLICIT_RETAIN_SELF = YES;
				CLANG_WARN_OBJC_LITERAL_CONVERSION = YES;
				CLANG_WARN_OBJC_ROOT_CLASS = YES_ERROR;
				CLANG_WARN_QUOTED_INCLUDE_IN_FRAMEWORK_HEADER = YES;
				CLANG_WARN_RANGE_LOOP_ANALYSIS = YES;
				CLANG_WARN_STRICT_PROTOTYPES = YES;
				CLANG_WARN_SUSPICIOUS_MOVE = YES;
				CLANG_WARN_UNGUARDED_AVAILABILITY = YES_AGGRESSIVE;
				CLANG_WARN_UNREACHABLE_CODE = YES;
				CLANG_WARN__DUPLICATE_METHOD_MATCH = YES;
				COPY_PHASE_STRIP = NO;
				DEBUG_INFORMATION_FORMAT = "dwarf-with-dsym";
				ENABLE_NS_ASSERTIONS = NO;
				ENABLE_STRICT_OBJC_MSGSEND = YES;
				ENABLE_USER_SCRIPT_SANDBOXING = YES;
				GCC_C_LANGUAGE_STANDARD = gnu17;
				GCC_NO_COMMON_BLOCKS = YES;
				GCC_WARN_64_TO_32_BIT_CONVERSION = YES;
				GCC_WARN_ABOUT_RETURN_TYPE = YES_ERROR;
				GCC_WARN_UNDECLARED_SELECTOR = YES;
				GCC_WARN_UNINITIALIZED_AUTOS = YES_AGGRESSIVE;
				GCC_WARN_UNUSED_FUNCTION = YES;
				GCC_WARN_UNUSED_VARIABLE = YES;
				IPHONEOS_DEPLOYMENT_TARGET = 17.0;
				LOCALIZATION_PREFERS_STRING_CATALOGS = YES;
				MTL_ENABLE_DEBUG_INFO = NO;
				MTL_FAST_MATH = YES;
				SDKROOT = iphoneos;
				SWIFT_COMPILATION_MODE = wholemodule;
				VALIDATE_PRODUCT = YES;
			};
			name = Release;
		};
		PP0000000000000000000001 /* Debug */ = {
			isa = XCBuildConfiguration;
			buildSettings = {
				ASSETCATALOG_COMPILER_APPICON_NAME = AppIcon;
				ASSETCATALOG_COMPILER_GLOBAL_ACCENT_COLOR_NAME = AccentColor;
				CODE_SIGN_STYLE = Automatic;
				CURRENT_PROJECT_VERSION = 1;
				DEVELOPMENT_TEAM = "";
				ENABLE_PREVIEWS = YES;
				GENERATE_INFOPLIST_FILE = YES;
				INFOPLIST_KEY_UIApplicationSceneManifest_Generation = YES;
				INFOPLIST_KEY_UIApplicationSupportsIndirectInputEvents = YES;
				INFOPLIST_KEY_UILaunchScreen_Generation = YES;
				INFOPLIST_KEY_UISupportedInterfaceOrientations = "UIInterfaceOrientationPortrait UIInterfaceOrientationLandscapeLeft UIInterfaceOrientationLandscapeRight";
				INFOPLIST_KEY_UISupportedInterfaceOrientations_iPad = "UIInterfaceOrientationPortrait UIInterfaceOrientationPortraitUpsideDown UIInterfaceOrientationLandscapeLeft UIInterfaceOrientationLandscapeRight";
				LD_RUNPATH_SEARCH_PATHS = (
					"$(inherited)",
					"@executable_path/Frameworks",
				);
				MARKETING_VERSION = 1.0;
				PRODUCT_BUNDLE_IDENTIFIER = com.student.FlightTracker;
				PRODUCT_NAME = "$(TARGET_NAME)";
				SWIFT_EMIT_LOC_STRINGS = YES;
				SWIFT_VERSION = 5.0;
				TARGETED_DEVICE_FAMILY = "1,2";
			};
			name = Debug;
		};
		PP0000000000000000000002 /* Release */ = {
			isa = XCBuildConfiguration;
			buildSettings = {
				ASSETCATALOG_COMPILER_APPICON_NAME = AppIcon;
				ASSETCATALOG_COMPILER_GLOBAL_ACCENT_COLOR_NAME = AccentColor;
				CODE_SIGN_STYLE = Automatic;
				CURRENT_PROJECT_VERSION = 1;
				DEVELOPMENT_TEAM = "";
				ENABLE_PREVIEWS = YES;
				GENERATE_INFOPLIST_FILE = YES;
				INFOPLIST_KEY_UIApplicationSceneManifest_Generation = YES;
				INFOPLIST_KEY_UIApplicationSupportsIndirectInputEvents = YES;
				INFOPLIST_KEY_UILaunchScreen_Generation = YES;
				INFOPLIST_KEY_UISupportedInterfaceOrientations = "UIInterfaceOrientationPortrait UIInterfaceOrientationLandscapeLeft UIInterfaceOrientationLandscapeRight";
				INFOPLIST_KEY_UISupportedInterfaceOrientations_iPad = "UIInterfaceOrientationPortrait UIInterfaceOrientationPortraitUpsideDown UIInterfaceOrientationLandscapeLeft UIInterfaceOrientationLandscapeRight";
				LD_RUNPATH_SEARCH_PATHS = (
					"$(inherited)",
					"@executable_path/Frameworks",
				);
				MARKETING_VERSION = 1.0;
				PRODUCT_BUNDLE_IDENTIFIER = com.student.FlightTracker;
				PRODUCT_NAME = "$(TARGET_NAME)";
				SWIFT_EMIT_LOC_STRINGS = YES;
				SWIFT_VERSION = 5.0;
				TARGETED_DEVICE_FAMILY = "1,2";
			};
			name = Release;
		};
/* End XCBuildConfiguration section */

/* Begin XCConfigurationList section */
		JJ0000000000000000000001 /* Build configuration list for PBXNativeTarget "FlightTracker" */ = {
			isa = XCConfigurationList;
			buildConfigurations = (
				PP0000000000000000000001 /* Debug */,
				PP0000000000000000000002 /* Release */,
			);
			defaultConfigurationIsVisible = 0;
			defaultConfigurationName = Release;
		};
		NN0000000000000000000001 /* Build configuration list for PBXProject "FlightTracker" */ = {
			isa = XCConfigurationList;
			buildConfigurations = (
				OO0000000000000000000001 /* Debug */,
				OO0000000000000000000002 /* Release */,
			);
			defaultConfigurationIsVisible = 0;
			defaultConfigurationName = Release;
		};
/* End XCConfigurationList section */
	};
	rootObject = MM0000000000000000000001 /* Project object */;
}
